
Microsoft Visual Studio Solution File, Format Version 12.00
# Visual Studio Version 16
VisualStudioVersion = 16.0.28803.202
MinimumVisualStudioVersion = 10.0.40219.1
Project("{FAE04EC0-301F-11D3-BF4B-00C04F79EFBC}") = "InfoTrack-Test", "InfoTrack-Test\InfoTrack-Test.csproj", "{7E40D000-C95C-45F9-96D5-075096FD211D}"
EndProject
Project("{FAE04EC0-301F-11D3-BF4B-00C04F79EFBC}") = "InfoTrack.UnitTest", "InfoTrack.UnitTest\InfoTrack.UnitTest.csproj", "{94CAC4C7-D875-4511-BD1F-87F4C965CCC8}"
EndProject
Global
	GlobalSection(SolutionConfigurationPlatforms) = preSolution
		Debug|Any CPU = Debug|Any CPU
		Release|Any CPU = Release|Any CPU
	EndGlobalSection
	GlobalSection(ProjectConfigurationPlatforms) = postSolution
		{7E40D000-C95C-45F9-96D5-075096FD211D}.Debug|Any CPU.ActiveCfg = Debug|Any CPU
		{7E40D000-C95C-45F9-96D5-075096FD211D}.Debug|Any CPU.Build.0 = Debug|Any CPU
		{7E40D000-C95C-45F9-96D5-075096FD211D}.Release|Any CPU.ActiveCfg = Release|Any CPU
		{7E40D000-C95C-45F9-96D5-075096FD211D}.Release|Any CPU.Build.0 = Release|Any CPU
		{94CAC4C7-D875-4511-BD1F-87F4C965CCC8}.Debug|Any CPU.ActiveCfg = Debug|Any CPU
		{94CAC4C7-D875-4511-BD1F-87F4C965CCC8}.Debug|Any CPU.Build.0 = Debug|Any CPU
		{94CAC4C7-D875-4511-BD1F-87F4C965CCC8}.Release|Any CPU.ActiveCfg = Release|Any CPU
		{94CAC4C7-D875-4511-BD1F-87F4C965CCC8}.Release|Any CPU.Build.0 = Release|Any CPU
	EndGlobalSection
	GlobalSection(SolutionProperties) = preSolution
		HideSolutionNode = FALSE
	EndGlobalSection
	GlobalSection(ExtensibilityGlobals) = postSolution
		SolutionGuid = {5B153E02-DED1-49CC-9D77-25A8DFEAB59D}
	EndGlobalSection
EndGlobal
